github.com/iaroslavscript/cacheman/lib/common v0.0.0-20201015150726-bee87d329211 h1:xKgYT9Nds/CgvlBibG9VCtJK4+Sz+vizJhIzUc6WpYE=
github.com/iaroslavscript/cacheman/lib/common v0.0.0-20201015150726-bee87d329211/go.mod h1:QdnF+IJ7h7sfU6D9yJqMKmf3ha/KfiXCNujIgDuNRHs=
github.com/iaroslavscript/cacheman/lib/config v0.0.0-20201015150726-bee87d329211 h1:bijRAmq+YHQEew8JwgQOfPX9H9ndhOFECAwcd2YLkyQ=
github.com/iaroslavscript/cacheman/lib/config v0.0.0-20201015150726-bee87d329211/go.mod h1:wMo7Ytal9FUK6JZL8ghssqS84b2Q0vvcNbwghGibJdk=
github.com/iaroslavscript/cacheman/lib/server v0.0.0-20201015150726-bee87d329211 h1:a0TycsU5d/PcpQjr05g7HcUmKkpjoPMQ+KGOK5zRE2c=
github.com/iaroslavscript/cacheman/lib/server v0.0.0-20201015150726-bee87d329211/go.mod h1:rx4kG+4SlBpFg/jjcAsoxt12ZltKp7TzYynu8pflvIA=
github.com/iaroslavscript/cacheman/lib/simplecache v0.0.0-20201015150726-bee87d329211 h1:8JXfOnjHdFvQb0+ax+Z+FaBYP/nhDBr1vcnCeWBQfGs=
github.com/iaroslavscript/cacheman/lib/simplecache v0.0.0-20201015150726-bee87d329211/go.mod h1:EKjR8tugoe57LhPddfaRYUk8Wdov3dPxvIsE3syru2c=
github.com/iaroslavscript/cacheman/lib/simplereplication v0.0.0-20201015150726-bee87d329211 h1:egnPwBdE/4cj3ZKvhHsJpUwEeW48vniaJU2f8ERhUbE=
github.com/iaroslavscript/cacheman/lib/simplereplication v0.0.0-20201015150726-bee87d329211/go.mod h1:/4uBffHZKmsTODKy2d5g53Q0tl2KeZa9UW5Qyuwjqu8=
github.com/iaroslavscript/cacheman/lib/simplescheduler v0.0.0-20201015150726-bee87d329211 h1:ZK/tMule4XAB+bDvFxQhcP71rMN78D2oOvIPwWoaqPU=
github.com/iaroslavscript/cacheman/lib/simplescheduler v0.0.0-20201015150726-bee87d329211/go.mod h1:OSj6n2bXCsrp6OyV7COhqAzgy+5uSPedh4gnCp7EH6E=
